
Microsoft Visual Studio Solution File, Format Version 12.00
# Visual Studio 14
VisualStudioVersion = 14.0.25420.1
MinimumVisualStudioVersion = 10.0.40219.1
Project("{2150E333-8FDC-42A3-9474-1A3956D46DE8}") = "1-Polymorfism", "1-Polymorfism", "{4363BC99-B145-4170-A8EA-13ECDF6B5385}"
EndProject
Project("{2150E333-8FDC-42A3-9474-1A3956D46DE8}") = "2-Collections", "2-Collections", "{6BFE15D9-1A19-48C8-8F37-5D86A8EBFDD3}"
EndProject
Project("{2150E333-8FDC-42A3-9474-1A3956D46DE8}") = "3-LINQ och Intro Extensions", "3-LINQ och Intro Extensions", "{A2EF7E90-1758-4AA6-8BCB-B63B488E2FE1}"
EndProject
Project("{2150E333-8FDC-42A3-9474-1A3956D46DE8}") = "4-IO", "4-IO", "{89C5AF83-C664-446B-A072-1B3BCB1EBF12}"
EndProject
Project("{FAE04EC0-301F-11D3-BF4B-00C04F79EFBC}") = "Demo1", "Dag1\Demo1\Demo1.csproj", "{DA3BA136-6334-4263-8276-7AC4A4E5C51A}"
EndProject
Project("{FAE04EC0-301F-11D3-BF4B-00C04F79EFBC}") = "Demo2", "Dag1\Demo2\Demo2.csproj", "{5A4D146A-173B-4BB6-94EB-5C7168137777}"
EndProject
Project("{FAE04EC0-301F-11D3-BF4B-00C04F79EFBC}") = "Demo3", "Dag1\Demo3\Demo3.csproj", "{8DF9B4DE-93FA-4629-9F65-85608D365B83}"
EndProject
Project("{FAE04EC0-301F-11D3-BF4B-00C04F79EFBC}") = "Lab1", "Dag1\Lab1\Lab1.csproj", "{2DCB2FAA-2501-46FE-8EC6-2886B5092153}"
EndProject
Project("{FAE04EC0-301F-11D3-BF4B-00C04F79EFBC}") = "Demo4", "Dag1\Demo4\Demo4.csproj", "{EB94F60A-A4B3-4EFB-A974-0B07116D7AE7}"
EndProject
Project("{FAE04EC0-301F-11D3-BF4B-00C04F79EFBC}") = "Lab2", "Dag1\Lab2\Lab2.csproj", "{E1B754EE-5FAD-45AF-9164-5BDD37C20624}"
EndProject
Project("{FAE04EC0-301F-11D3-BF4B-00C04F79EFBC}") = "Demo5", "Dag1\Demo5\Demo5.csproj", "{30CFE50C-DE59-40ED-8D1A-5E08879EEB25}"
EndProject
Project("{FAE04EC0-301F-11D3-BF4B-00C04F79EFBC}") = "Demo6", "Dag1\Demo6\Demo6.csproj", "{BA3BF79B-44E8-45AF-8D08-EE9A2B35D376}"
EndProject
Project("{FAE04EC0-301F-11D3-BF4B-00C04F79EFBC}") = "Demo7", "Dag1\Demo7\Demo7.csproj", "{FCFA722D-92B8-4D30-A668-643152D907C7}"
EndProject
Project("{FAE04EC0-301F-11D3-BF4B-00C04F79EFBC}") = "Demo8", "Dag1\Demo8\Demo8.csproj", "{9C405F1A-298F-4EE2-93A0-91C6B69827DE}"
EndProject
Project("{FAE04EC0-301F-11D3-BF4B-00C04F79EFBC}") = "Lab3", "Dag1\Lab3\Lab3.csproj", "{FAB1E04D-5862-4088-BF3E-3B7420283B94}"
EndProject
Project("{2150E333-8FDC-42A3-9474-1A3956D46DE8}") = "Dag1", "Dag1", "{749DE541-6C59-4F50-8265-40598323630D}"
	ProjectSection(SolutionItems) = preProject
		Dag1\Summering.md = Dag1\Summering.md
	EndProjectSection
EndProject
Project("{2150E333-8FDC-42A3-9474-1A3956D46DE8}") = "Dag2", "Dag2", "{69B22A97-9D98-437B-A74E-EA8356098C0A}"
	ProjectSection(SolutionItems) = preProject
		Dag2\Summering.md = Dag2\Summering.md
	EndProjectSection
EndProject
Project("{2150E333-8FDC-42A3-9474-1A3956D46DE8}") = "Dag3", "Dag3", "{299CFB1D-9740-4EF1-A59F-C1BF79C28A31}"
	ProjectSection(SolutionItems) = preProject
		Dag3\Summering.md = Dag3\Summering.md
	EndProjectSection
EndProject
Project("{2150E333-8FDC-42A3-9474-1A3956D46DE8}") = "1-Delegater", "1-Delegater", "{98F7EF38-1586-4F4D-A201-E51C6EFF73E0}"
EndProject
Project("{2150E333-8FDC-42A3-9474-1A3956D46DE8}") = "2-Events", "2-Events", "{BAAAF727-5C3E-4846-B948-3F79B8295CAA}"
EndProject
Project("{2150E333-8FDC-42A3-9474-1A3956D46DE8}") = "3-Task AsyncAwait", "3-Task AsyncAwait", "{B9F188D3-DE7D-4423-A7A0-BD118525336D}"
EndProject
Project("{FAE04EC0-301F-11D3-BF4B-00C04F79EFBC}") = "Demo11", "Dag2\Demo11\Demo11.csproj", "{AB8FBE49-B76A-431D-800A-D11631008C6D}"
EndProject
Project("{FAE04EC0-301F-11D3-BF4B-00C04F79EFBC}") = "Lab5", "Dag2\Lab5\Lab5.csproj", "{BF241340-4BEA-43CD-ACEA-D82CE88A3756}"
EndProject
Project("{FAE04EC0-301F-11D3-BF4B-00C04F79EFBC}") = "Demo10", "Dag2\Demo10\Demo10.csproj", "{47E9CF77-66C5-47F6-9F9C-3C6DFFCE55B2}"
EndProject
Project("{FAE04EC0-301F-11D3-BF4B-00C04F79EFBC}") = "Demo9", "Dag2\Demo9\Demo9.csproj", "{544DA386-E493-45CF-92BB-86F1F9E9864D}"
EndProject
Project("{FAE04EC0-301F-11D3-BF4B-00C04F79EFBC}") = "Lab4", "Dag2\Lab4\Lab4.csproj", "{78FA81D8-720F-4F5F-93CA-9D4733FF9464}"
EndProject
Project("{2150E333-8FDC-42A3-9474-1A3956D46DE8}") = "Interfaces", "Interfaces", "{07544BF2-F29F-42DD-85A7-78CD9CCD98F5}"
EndProject
Project("{2150E333-8FDC-42A3-9474-1A3956D46DE8}") = "RepositoryPattern", "RepositoryPattern", "{4A559602-7628-4814-85C0-A2B689CEE4D6}"
EndProject
Project("{FAE04EC0-301F-11D3-BF4B-00C04F79EFBC}") = "RepositoryPatternSample", "Dag3\RepositoryPatternSample\RepositoryPatternSample.csproj", "{22A4B99E-544D-4322-B070-079D86719B93}"
EndProject
Project("{FAE04EC0-301F-11D3-BF4B-00C04F79EFBC}") = "Demo12", "Dag3\Demo12\Demo12.csproj", "{249B8539-967B-46A1-98A8-D1ECC2D02EB7}"
EndProject
Project("{2150E333-8FDC-42A3-9474-1A3956D46DE8}") = "ProducerConsumer", "ProducerConsumer", "{E2317E24-8D11-46F5-8F5B-C6E38D19B691}"
EndProject
Project("{FAE04EC0-301F-11D3-BF4B-00C04F79EFBC}") = "Demo13", "Dag3\Demo13\Demo13.csproj", "{C6C1F517-200A-4BA5-B5BB-471DAE87F04A}"
EndProject
Project("{FAE04EC0-301F-11D3-BF4B-00C04F79EFBC}") = "Lab6", "Dag3\Lab6\Lab6.csproj", "{E01335D6-6AD0-417B-9F7B-C44295893E02}"
EndProject
Project("{2150E333-8FDC-42A3-9474-1A3956D46DE8}") = "Semaphore", "Semaphore", "{3C936795-8C99-44CC-947E-CBAD2A0CEC5E}"
EndProject
Project("{FAE04EC0-301F-11D3-BF4B-00C04F79EFBC}") = "Semaphore", "Dag3\Semaphore\Semaphore.csproj", "{0B02C400-1E9D-4B2C-B40A-5E1C2288DD32}"
EndProject
Project("{2150E333-8FDC-42A3-9474-1A3956D46DE8}") = "Reflection", "Reflection", "{6C20EA92-5EA4-4FD6-9D84-48C9B6A2C3BF}"
EndProject
Project("{FAE04EC0-301F-11D3-BF4B-00C04F79EFBC}") = "Reflection", "Dag3\Reflection\Reflection.csproj", "{A97B2AEF-6DC1-4186-BB04-A53A70590957}"
EndProject
Global
	GlobalSection(SolutionConfigurationPlatforms) = preSolution
		Debug|Any CPU = Debug|Any CPU
		Release|Any CPU = Release|Any CPU
	EndGlobalSection
	GlobalSection(ProjectConfigurationPlatforms) = postSolution
		{DA3BA136-6334-4263-8276-7AC4A4E5C51A}.Debug|Any CPU.ActiveCfg = Debug|Any CPU
		{DA3BA136-6334-4263-8276-7AC4A4E5C51A}.Debug|Any CPU.Build.0 = Debug|Any CPU
		{DA3BA136-6334-4263-8276-7AC4A4E5C51A}.Release|Any CPU.ActiveCfg = Release|Any CPU
		{DA3BA136-6334-4263-8276-7AC4A4E5C51A}.Release|Any CPU.Build.0 = Release|Any CPU
		{5A4D146A-173B-4BB6-94EB-5C7168137777}.Debug|Any CPU.ActiveCfg = Debug|Any CPU
		{5A4D146A-173B-4BB6-94EB-5C7168137777}.Debug|Any CPU.Build.0 = Debug|Any CPU
		{5A4D146A-173B-4BB6-94EB-5C7168137777}.Release|Any CPU.ActiveCfg = Release|Any CPU
		{5A4D146A-173B-4BB6-94EB-5C7168137777}.Release|Any CPU.Build.0 = Release|Any CPU
		{8DF9B4DE-93FA-4629-9F65-85608D365B83}.Debug|Any CPU.ActiveCfg = Debug|Any CPU
		{8DF9B4DE-93FA-4629-9F65-85608D365B83}.Debug|Any CPU.Build.0 = Debug|Any CPU
		{8DF9B4DE-93FA-4629-9F65-85608D365B83}.Release|Any CPU.ActiveCfg = Release|Any CPU
		{8DF9B4DE-93FA-4629-9F65-85608D365B83}.Release|Any CPU.Build.0 = Release|Any CPU
		{2DCB2FAA-2501-46FE-8EC6-2886B5092153}.Debug|Any CPU.ActiveCfg = Debug|Any CPU
		{2DCB2FAA-2501-46FE-8EC6-2886B5092153}.Debug|Any CPU.Build.0 = Debug|Any CPU
		{2DCB2FAA-2501-46FE-8EC6-2886B5092153}.Release|Any CPU.ActiveCfg = Release|Any CPU
		{2DCB2FAA-2501-46FE-8EC6-2886B5092153}.Release|Any CPU.Build.0 = Release|Any CPU
		{EB94F60A-A4B3-4EFB-A974-0B07116D7AE7}.Debug|Any CPU.ActiveCfg = Debug|Any CPU
		{EB94F60A-A4B3-4EFB-A974-0B07116D7AE7}.Debug|Any CPU.Build.0 = Debug|Any CPU
		{EB94F60A-A4B3-4EFB-A974-0B07116D7AE7}.Release|Any CPU.ActiveCfg = Release|Any CPU
		{EB94F60A-A4B3-4EFB-A974-0B07116D7AE7}.Release|Any CPU.Build.0 = Release|Any CPU
		{E1B754EE-5FAD-45AF-9164-5BDD37C20624}.Debug|Any CPU.ActiveCfg = Debug|Any CPU
		{E1B754EE-5FAD-45AF-9164-5BDD37C20624}.Debug|Any CPU.Build.0 = Debug|Any CPU
		{E1B754EE-5FAD-45AF-9164-5BDD37C20624}.Release|Any CPU.ActiveCfg = Release|Any CPU
		{E1B754EE-5FAD-45AF-9164-5BDD37C20624}.Release|Any CPU.Build.0 = Release|Any CPU
		{30CFE50C-DE59-40ED-8D1A-5E08879EEB25}.Debug|Any CPU.ActiveCfg = Debug|Any CPU
		{30CFE50C-DE59-40ED-8D1A-5E08879EEB25}.Debug|Any CPU.Build.0 = Debug|Any CPU
		{30CFE50C-DE59-40ED-8D1A-5E08879EEB25}.Release|Any CPU.ActiveCfg = Release|Any CPU
		{30CFE50C-DE59-40ED-8D1A-5E08879EEB25}.Release|Any CPU.Build.0 = Release|Any CPU
		{BA3BF79B-44E8-45AF-8D08-EE9A2B35D376}.Debug|Any CPU.ActiveCfg = Debug|Any CPU
		{BA3BF79B-44E8-45AF-8D08-EE9A2B35D376}.Debug|Any CPU.Build.0 = Debug|Any CPU
		{BA3BF79B-44E8-45AF-8D08-EE9A2B35D376}.Release|Any CPU.ActiveCfg = Release|Any CPU
		{BA3BF79B-44E8-45AF-8D08-EE9A2B35D376}.Release|Any CPU.Build.0 = Release|Any CPU
		{FCFA722D-92B8-4D30-A668-643152D907C7}.Debug|Any CPU.ActiveCfg = Debug|Any CPU
		{FCFA722D-92B8-4D30-A668-643152D907C7}.Debug|Any CPU.Build.0 = Debug|Any CPU
		{FCFA722D-92B8-4D30-A668-643152D907C7}.Release|Any CPU.ActiveCfg = Release|Any CPU
		{FCFA722D-92B8-4D30-A668-643152D907C7}.Release|Any CPU.Build.0 = Release|Any CPU
		{9C405F1A-298F-4EE2-93A0-91C6B69827DE}.Debug|Any CPU.ActiveCfg = Debug|Any CPU
		{9C405F1A-298F-4EE2-93A0-91C6B69827DE}.Debug|Any CPU.Build.0 = Debug|Any CPU
		{9C405F1A-298F-4EE2-93A0-91C6B69827DE}.Release|Any CPU.ActiveCfg = Release|Any CPU
		{9C405F1A-298F-4EE2-93A0-91C6B69827DE}.Release|Any CPU.Build.0 = Release|Any CPU
		{FAB1E04D-5862-4088-BF3E-3B7420283B94}.Debug|Any CPU.ActiveCfg = Debug|Any CPU
		{FAB1E04D-5862-4088-BF3E-3B7420283B94}.Debug|Any CPU.Build.0 = Debug|Any CPU
		{FAB1E04D-5862-4088-BF3E-3B7420283B94}.Release|Any CPU.ActiveCfg = Release|Any CPU
		{FAB1E04D-5862-4088-BF3E-3B7420283B94}.Release|Any CPU.Build.0 = Release|Any CPU
		{AB8FBE49-B76A-431D-800A-D11631008C6D}.Debug|Any CPU.ActiveCfg = Debug|Any CPU
		{AB8FBE49-B76A-431D-800A-D11631008C6D}.Debug|Any CPU.Build.0 = Debug|Any CPU
		{AB8FBE49-B76A-431D-800A-D11631008C6D}.Release|Any CPU.ActiveCfg = Release|Any CPU
		{AB8FBE49-B76A-431D-800A-D11631008C6D}.Release|Any CPU.Build.0 = Release|Any CPU
		{BF241340-4BEA-43CD-ACEA-D82CE88A3756}.Debug|Any CPU.ActiveCfg = Debug|Any CPU
		{BF241340-4BEA-43CD-ACEA-D82CE88A3756}.Debug|Any CPU.Build.0 = Debug|Any CPU
		{BF241340-4BEA-43CD-ACEA-D82CE88A3756}.Release|Any CPU.ActiveCfg = Release|Any CPU
		{BF241340-4BEA-43CD-ACEA-D82CE88A3756}.Release|Any CPU.Build.0 = Release|Any CPU
		{47E9CF77-66C5-47F6-9F9C-3C6DFFCE55B2}.Debug|Any CPU.ActiveCfg = Debug|Any CPU
		{47E9CF77-66C5-47F6-9F9C-3C6DFFCE55B2}.Debug|Any CPU.Build.0 = Debug|Any CPU
		{47E9CF77-66C5-47F6-9F9C-3C6DFFCE55B2}.Release|Any CPU.ActiveCfg = Release|Any CPU
		{47E9CF77-66C5-47F6-9F9C-3C6DFFCE55B2}.Release|Any CPU.Build.0 = Release|Any CPU
		{544DA386-E493-45CF-92BB-86F1F9E9864D}.Debug|Any CPU.ActiveCfg = Debug|Any CPU
		{544DA386-E493-45CF-92BB-86F1F9E9864D}.Debug|Any CPU.Build.0 = Debug|Any CPU
		{544DA386-E493-45CF-92BB-86F1F9E9864D}.Release|Any CPU.ActiveCfg = Release|Any CPU
		{544DA386-E493-45CF-92BB-86F1F9E9864D}.Release|Any CPU.Build.0 = Release|Any CPU
		{78FA81D8-720F-4F5F-93CA-9D4733FF9464}.Debug|Any CPU.ActiveCfg = Debug|Any CPU
		{78FA81D8-720F-4F5F-93CA-9D4733FF9464}.Debug|Any CPU.Build.0 = Debug|Any CPU
		{78FA81D8-720F-4F5F-93CA-9D4733FF9464}.Release|Any CPU.ActiveCfg = Release|Any CPU
		{78FA81D8-720F-4F5F-93CA-9D4733FF9464}.Release|Any CPU.Build.0 = Release|Any CPU
		{22A4B99E-544D-4322-B070-079D86719B93}.Debug|Any CPU.ActiveCfg = Debug|Any CPU
		{22A4B99E-544D-4322-B070-079D86719B93}.Debug|Any CPU.Build.0 = Debug|Any CPU
		{22A4B99E-544D-4322-B070-079D86719B93}.Release|Any CPU.ActiveCfg = Release|Any CPU
		{22A4B99E-544D-4322-B070-079D86719B93}.Release|Any CPU.Build.0 = Release|Any CPU
		{249B8539-967B-46A1-98A8-D1ECC2D02EB7}.Debug|Any CPU.ActiveCfg = Debug|Any CPU
		{249B8539-967B-46A1-98A8-D1ECC2D02EB7}.Debug|Any CPU.Build.0 = Debug|Any CPU
		{249B8539-967B-46A1-98A8-D1ECC2D02EB7}.Release|Any CPU.ActiveCfg = Release|Any CPU
		{249B8539-967B-46A1-98A8-D1ECC2D02EB7}.Release|Any CPU.Build.0 = Release|Any CPU
		{C6C1F517-200A-4BA5-B5BB-471DAE87F04A}.Debug|Any CPU.ActiveCfg = Debug|Any CPU
		{C6C1F517-200A-4BA5-B5BB-471DAE87F04A}.Debug|Any CPU.Build.0 = Debug|Any CPU
		{C6C1F517-200A-4BA5-B5BB-471DAE87F04A}.Release|Any CPU.ActiveCfg = Release|Any CPU
		{C6C1F517-200A-4BA5-B5BB-471DAE87F04A}.Release|Any CPU.Build.0 = Release|Any CPU
		{E01335D6-6AD0-417B-9F7B-C44295893E02}.Debug|Any CPU.ActiveCfg = Debug|Any CPU
		{E01335D6-6AD0-417B-9F7B-C44295893E02}.Debug|Any CPU.Build.0 = Debug|Any CPU
		{E01335D6-6AD0-417B-9F7B-C44295893E02}.Release|Any CPU.ActiveCfg = Release|Any CPU
		{E01335D6-6AD0-417B-9F7B-C44295893E02}.Release|Any CPU.Build.0 = Release|Any CPU
		{0B02C400-1E9D-4B2C-B40A-5E1C2288DD32}.Debug|Any CPU.ActiveCfg = Debug|Any CPU
		{0B02C400-1E9D-4B2C-B40A-5E1C2288DD32}.Debug|Any CPU.Build.0 = Debug|Any CPU
		{0B02C400-1E9D-4B2C-B40A-5E1C2288DD32}.Release|Any CPU.ActiveCfg = Release|Any CPU
		{0B02C400-1E9D-4B2C-B40A-5E1C2288DD32}.Release|Any CPU.Build.0 = Release|Any CPU
		{A97B2AEF-6DC1-4186-BB04-A53A70590957}.Debug|Any CPU.ActiveCfg = Debug|Any CPU
		{A97B2AEF-6DC1-4186-BB04-A53A70590957}.Debug|Any CPU.Build.0 = Debug|Any CPU
		{A97B2AEF-6DC1-4186-BB04-A53A70590957}.Release|Any CPU.ActiveCfg = Release|Any CPU
		{A97B2AEF-6DC1-4186-BB04-A53A70590957}.Release|Any CPU.Build.0 = Release|Any CPU
	EndGlobalSection
	GlobalSection(SolutionProperties) = preSolution
		HideSolutionNode = FALSE
	EndGlobalSection
	GlobalSection(NestedProjects) = preSolution
		{4363BC99-B145-4170-A8EA-13ECDF6B5385} = {749DE541-6C59-4F50-8265-40598323630D}
		{6BFE15D9-1A19-48C8-8F37-5D86A8EBFDD3} = {749DE541-6C59-4F50-8265-40598323630D}
		{A2EF7E90-1758-4AA6-8BCB-B63B488E2FE1} = {749DE541-6C59-4F50-8265-40598323630D}
		{89C5AF83-C664-446B-A072-1B3BCB1EBF12} = {749DE541-6C59-4F50-8265-40598323630D}
		{DA3BA136-6334-4263-8276-7AC4A4E5C51A} = {4363BC99-B145-4170-A8EA-13ECDF6B5385}
		{5A4D146A-173B-4BB6-94EB-5C7168137777} = {4363BC99-B145-4170-A8EA-13ECDF6B5385}
		{8DF9B4DE-93FA-4629-9F65-85608D365B83} = {4363BC99-B145-4170-A8EA-13ECDF6B5385}
		{2DCB2FAA-2501-46FE-8EC6-2886B5092153} = {4363BC99-B145-4170-A8EA-13ECDF6B5385}
		{EB94F60A-A4B3-4EFB-A974-0B07116D7AE7} = {6BFE15D9-1A19-48C8-8F37-5D86A8EBFDD3}
		{E1B754EE-5FAD-45AF-9164-5BDD37C20624} = {6BFE15D9-1A19-48C8-8F37-5D86A8EBFDD3}
		{30CFE50C-DE59-40ED-8D1A-5E08879EEB25} = {A2EF7E90-1758-4AA6-8BCB-B63B488E2FE1}
		{BA3BF79B-44E8-45AF-8D08-EE9A2B35D376} = {A2EF7E90-1758-4AA6-8BCB-B63B488E2FE1}
		{FCFA722D-92B8-4D30-A668-643152D907C7} = {89C5AF83-C664-446B-A072-1B3BCB1EBF12}
		{9C405F1A-298F-4EE2-93A0-91C6B69827DE} = {89C5AF83-C664-446B-A072-1B3BCB1EBF12}
		{FAB1E04D-5862-4088-BF3E-3B7420283B94} = {89C5AF83-C664-446B-A072-1B3BCB1EBF12}
		{98F7EF38-1586-4F4D-A201-E51C6EFF73E0} = {69B22A97-9D98-437B-A74E-EA8356098C0A}
		{BAAAF727-5C3E-4846-B948-3F79B8295CAA} = {69B22A97-9D98-437B-A74E-EA8356098C0A}
		{B9F188D3-DE7D-4423-A7A0-BD118525336D} = {69B22A97-9D98-437B-A74E-EA8356098C0A}
		{AB8FBE49-B76A-431D-800A-D11631008C6D} = {B9F188D3-DE7D-4423-A7A0-BD118525336D}
		{BF241340-4BEA-43CD-ACEA-D82CE88A3756} = {BAAAF727-5C3E-4846-B948-3F79B8295CAA}
		{47E9CF77-66C5-47F6-9F9C-3C6DFFCE55B2} = {BAAAF727-5C3E-4846-B948-3F79B8295CAA}
		{544DA386-E493-45CF-92BB-86F1F9E9864D} = {98F7EF38-1586-4F4D-A201-E51C6EFF73E0}
		{78FA81D8-720F-4F5F-93CA-9D4733FF9464} = {98F7EF38-1586-4F4D-A201-E51C6EFF73E0}
		{07544BF2-F29F-42DD-85A7-78CD9CCD98F5} = {299CFB1D-9740-4EF1-A59F-C1BF79C28A31}
		{4A559602-7628-4814-85C0-A2B689CEE4D6} = {299CFB1D-9740-4EF1-A59F-C1BF79C28A31}
		{22A4B99E-544D-4322-B070-079D86719B93} = {4A559602-7628-4814-85C0-A2B689CEE4D6}
		{249B8539-967B-46A1-98A8-D1ECC2D02EB7} = {07544BF2-F29F-42DD-85A7-78CD9CCD98F5}
		{E2317E24-8D11-46F5-8F5B-C6E38D19B691} = {299CFB1D-9740-4EF1-A59F-C1BF79C28A31}
		{C6C1F517-200A-4BA5-B5BB-471DAE87F04A} = {E2317E24-8D11-46F5-8F5B-C6E38D19B691}
		{E01335D6-6AD0-417B-9F7B-C44295893E02} = {E2317E24-8D11-46F5-8F5B-C6E38D19B691}
		{3C936795-8C99-44CC-947E-CBAD2A0CEC5E} = {299CFB1D-9740-4EF1-A59F-C1BF79C28A31}
		{0B02C400-1E9D-4B2C-B40A-5E1C2288DD32} = {3C936795-8C99-44CC-947E-CBAD2A0CEC5E}
		{6C20EA92-5EA4-4FD6-9D84-48C9B6A2C3BF} = {299CFB1D-9740-4EF1-A59F-C1BF79C28A31}
		{A97B2AEF-6DC1-4186-BB04-A53A70590957} = {6C20EA92-5EA4-4FD6-9D84-48C9B6A2C3BF}
	EndGlobalSection
EndGlobal
