
Microsoft Visual Studio Solution File, Format Version 12.00
# Visual Studio 2013
VisualStudioVersion = 12.0.21005.1
MinimumVisualStudioVersion = 10.0.40219.1
Project("{FAE04EC0-301F-11D3-BF4B-00C04F79EFBC}") = "Demo1", "Demo1\Demo1.csproj", "{DA3BA136-6334-4263-8276-7AC4A4E5C51A}"
EndProject
Project("{FAE04EC0-301F-11D3-BF4B-00C04F79EFBC}") = "Demo2", "Demo2\Demo2.csproj", "{5A4D146A-173B-4BB6-94EB-5C7168137777}"
EndProject
Project("{FAE04EC0-301F-11D3-BF4B-00C04F79EFBC}") = "Demo3", "Demo3\Demo3.csproj", "{8DF9B4DE-93FA-4629-9F65-85608D365B83}"
EndProject
Project("{FAE04EC0-301F-11D3-BF4B-00C04F79EFBC}") = "Lab1", "Lab1\Lab1.csproj", "{2DCB2FAA-2501-46FE-8EC6-2886B5092153}"
EndProject
Project("{FAE04EC0-301F-11D3-BF4B-00C04F79EFBC}") = "Demo4", "Demo4\Demo4.csproj", "{EB94F60A-A4B3-4EFB-A974-0B07116D7AE7}"
EndProject
Project("{2150E333-8FDC-42A3-9474-1A3956D46DE8}") = "1", "1", "{4363BC99-B145-4170-A8EA-13ECDF6B5385}"
EndProject
Project("{FAE04EC0-301F-11D3-BF4B-00C04F79EFBC}") = "Lab2", "Lab2\Lab2.csproj", "{E1B754EE-5FAD-45AF-9164-5BDD37C20624}"
EndProject
Project("{2150E333-8FDC-42A3-9474-1A3956D46DE8}") = "2", "2", "{6BFE15D9-1A19-48C8-8F37-5D86A8EBFDD3}"
EndProject
Project("{2150E333-8FDC-42A3-9474-1A3956D46DE8}") = "3", "3", "{A2EF7E90-1758-4AA6-8BCB-B63B488E2FE1}"
EndProject
Project("{FAE04EC0-301F-11D3-BF4B-00C04F79EFBC}") = "Demo5", "Demo5\Demo5.csproj", "{30CFE50C-DE59-40ED-8D1A-5E08879EEB25}"
EndProject
Project("{FAE04EC0-301F-11D3-BF4B-00C04F79EFBC}") = "Demo6", "Demo6\Demo6.csproj", "{BA3BF79B-44E8-45AF-8D08-EE9A2B35D376}"
EndProject
Project("{2150E333-8FDC-42A3-9474-1A3956D46DE8}") = "4", "4", "{89C5AF83-C664-446B-A072-1B3BCB1EBF12}"
EndProject
Project("{FAE04EC0-301F-11D3-BF4B-00C04F79EFBC}") = "Demo7", "Demo7\Demo7.csproj", "{FCFA722D-92B8-4D30-A668-643152D907C7}"
EndProject
Project("{FAE04EC0-301F-11D3-BF4B-00C04F79EFBC}") = "Demo8", "Demo8\Demo8.csproj", "{9C405F1A-298F-4EE2-93A0-91C6B69827DE}"
EndProject
Project("{FAE04EC0-301F-11D3-BF4B-00C04F79EFBC}") = "Lab3", "Lab3\Lab3.csproj", "{FAB1E04D-5862-4088-BF3E-3B7420283B94}"
EndProject
Global
	GlobalSection(SolutionConfigurationPlatforms) = preSolution
		Debug|Any CPU = Debug|Any CPU
		Release|Any CPU = Release|Any CPU
	EndGlobalSection
	GlobalSection(ProjectConfigurationPlatforms) = postSolution
		{DA3BA136-6334-4263-8276-7AC4A4E5C51A}.Debug|Any CPU.ActiveCfg = Debug|Any CPU
		{DA3BA136-6334-4263-8276-7AC4A4E5C51A}.Debug|Any CPU.Build.0 = Debug|Any CPU
		{DA3BA136-6334-4263-8276-7AC4A4E5C51A}.Release|Any CPU.ActiveCfg = Release|Any CPU
		{DA3BA136-6334-4263-8276-7AC4A4E5C51A}.Release|Any CPU.Build.0 = Release|Any CPU
		{5A4D146A-173B-4BB6-94EB-5C7168137777}.Debug|Any CPU.ActiveCfg = Debug|Any CPU
		{5A4D146A-173B-4BB6-94EB-5C7168137777}.Debug|Any CPU.Build.0 = Debug|Any CPU
		{5A4D146A-173B-4BB6-94EB-5C7168137777}.Release|Any CPU.ActiveCfg = Release|Any CPU
		{5A4D146A-173B-4BB6-94EB-5C7168137777}.Release|Any CPU.Build.0 = Release|Any CPU
		{8DF9B4DE-93FA-4629-9F65-85608D365B83}.Debug|Any CPU.ActiveCfg = Debug|Any CPU
		{8DF9B4DE-93FA-4629-9F65-85608D365B83}.Debug|Any CPU.Build.0 = Debug|Any CPU
		{8DF9B4DE-93FA-4629-9F65-85608D365B83}.Release|Any CPU.ActiveCfg = Release|Any CPU
		{8DF9B4DE-93FA-4629-9F65-85608D365B83}.Release|Any CPU.Build.0 = Release|Any CPU
		{2DCB2FAA-2501-46FE-8EC6-2886B5092153}.Debug|Any CPU.ActiveCfg = Debug|Any CPU
		{2DCB2FAA-2501-46FE-8EC6-2886B5092153}.Debug|Any CPU.Build.0 = Debug|Any CPU
		{2DCB2FAA-2501-46FE-8EC6-2886B5092153}.Release|Any CPU.ActiveCfg = Release|Any CPU
		{2DCB2FAA-2501-46FE-8EC6-2886B5092153}.Release|Any CPU.Build.0 = Release|Any CPU
		{EB94F60A-A4B3-4EFB-A974-0B07116D7AE7}.Debug|Any CPU.ActiveCfg = Debug|Any CPU
		{EB94F60A-A4B3-4EFB-A974-0B07116D7AE7}.Debug|Any CPU.Build.0 = Debug|Any CPU
		{EB94F60A-A4B3-4EFB-A974-0B07116D7AE7}.Release|Any CPU.ActiveCfg = Release|Any CPU
		{EB94F60A-A4B3-4EFB-A974-0B07116D7AE7}.Release|Any CPU.Build.0 = Release|Any CPU
		{E1B754EE-5FAD-45AF-9164-5BDD37C20624}.Debug|Any CPU.ActiveCfg = Debug|Any CPU
		{E1B754EE-5FAD-45AF-9164-5BDD37C20624}.Debug|Any CPU.Build.0 = Debug|Any CPU
		{E1B754EE-5FAD-45AF-9164-5BDD37C20624}.Release|Any CPU.ActiveCfg = Release|Any CPU
		{E1B754EE-5FAD-45AF-9164-5BDD37C20624}.Release|Any CPU.Build.0 = Release|Any CPU
		{30CFE50C-DE59-40ED-8D1A-5E08879EEB25}.Debug|Any CPU.ActiveCfg = Debug|Any CPU
		{30CFE50C-DE59-40ED-8D1A-5E08879EEB25}.Debug|Any CPU.Build.0 = Debug|Any CPU
		{30CFE50C-DE59-40ED-8D1A-5E08879EEB25}.Release|Any CPU.ActiveCfg = Release|Any CPU
		{30CFE50C-DE59-40ED-8D1A-5E08879EEB25}.Release|Any CPU.Build.0 = Release|Any CPU
		{BA3BF79B-44E8-45AF-8D08-EE9A2B35D376}.Debug|Any CPU.ActiveCfg = Debug|Any CPU
		{BA3BF79B-44E8-45AF-8D08-EE9A2B35D376}.Debug|Any CPU.Build.0 = Debug|Any CPU
		{BA3BF79B-44E8-45AF-8D08-EE9A2B35D376}.Release|Any CPU.ActiveCfg = Release|Any CPU
		{BA3BF79B-44E8-45AF-8D08-EE9A2B35D376}.Release|Any CPU.Build.0 = Release|Any CPU
		{FCFA722D-92B8-4D30-A668-643152D907C7}.Debug|Any CPU.ActiveCfg = Debug|Any CPU
		{FCFA722D-92B8-4D30-A668-643152D907C7}.Debug|Any CPU.Build.0 = Debug|Any CPU
		{FCFA722D-92B8-4D30-A668-643152D907C7}.Release|Any CPU.ActiveCfg = Release|Any CPU
		{FCFA722D-92B8-4D30-A668-643152D907C7}.Release|Any CPU.Build.0 = Release|Any CPU
		{9C405F1A-298F-4EE2-93A0-91C6B69827DE}.Debug|Any CPU.ActiveCfg = Debug|Any CPU
		{9C405F1A-298F-4EE2-93A0-91C6B69827DE}.Debug|Any CPU.Build.0 = Debug|Any CPU
		{9C405F1A-298F-4EE2-93A0-91C6B69827DE}.Release|Any CPU.ActiveCfg = Release|Any CPU
		{9C405F1A-298F-4EE2-93A0-91C6B69827DE}.Release|Any CPU.Build.0 = Release|Any CPU
		{FAB1E04D-5862-4088-BF3E-3B7420283B94}.Debug|Any CPU.ActiveCfg = Debug|Any CPU
		{FAB1E04D-5862-4088-BF3E-3B7420283B94}.Debug|Any CPU.Build.0 = Debug|Any CPU
		{FAB1E04D-5862-4088-BF3E-3B7420283B94}.Release|Any CPU.ActiveCfg = Release|Any CPU
		{FAB1E04D-5862-4088-BF3E-3B7420283B94}.Release|Any CPU.Build.0 = Release|Any CPU
	EndGlobalSection
	GlobalSection(SolutionProperties) = preSolution
		HideSolutionNode = FALSE
	EndGlobalSection
	GlobalSection(NestedProjects) = preSolution
		{8DF9B4DE-93FA-4629-9F65-85608D365B83} = {4363BC99-B145-4170-A8EA-13ECDF6B5385}
		{DA3BA136-6334-4263-8276-7AC4A4E5C51A} = {4363BC99-B145-4170-A8EA-13ECDF6B5385}
		{5A4D146A-173B-4BB6-94EB-5C7168137777} = {4363BC99-B145-4170-A8EA-13ECDF6B5385}
		{2DCB2FAA-2501-46FE-8EC6-2886B5092153} = {4363BC99-B145-4170-A8EA-13ECDF6B5385}
		{E1B754EE-5FAD-45AF-9164-5BDD37C20624} = {6BFE15D9-1A19-48C8-8F37-5D86A8EBFDD3}
		{EB94F60A-A4B3-4EFB-A974-0B07116D7AE7} = {6BFE15D9-1A19-48C8-8F37-5D86A8EBFDD3}
		{30CFE50C-DE59-40ED-8D1A-5E08879EEB25} = {A2EF7E90-1758-4AA6-8BCB-B63B488E2FE1}
		{BA3BF79B-44E8-45AF-8D08-EE9A2B35D376} = {A2EF7E90-1758-4AA6-8BCB-B63B488E2FE1}
		{FCFA722D-92B8-4D30-A668-643152D907C7} = {89C5AF83-C664-446B-A072-1B3BCB1EBF12}
		{9C405F1A-298F-4EE2-93A0-91C6B69827DE} = {89C5AF83-C664-446B-A072-1B3BCB1EBF12}
		{FAB1E04D-5862-4088-BF3E-3B7420283B94} = {89C5AF83-C664-446B-A072-1B3BCB1EBF12}
	EndGlobalSection
EndGlobal
