
Microsoft Visual Studio Solution File, Format Version 12.00
# Visual Studio 2013
VisualStudioVersion = 12.0.21005.1
MinimumVisualStudioVersion = 10.0.40219.1
Project("{FAE04EC0-301F-11D3-BF4B-00C04F79EFBC}") = "Demo1", "Demo1\Demo1.csproj", "{DA3BA136-6334-4263-8276-7AC4A4E5C51A}"
EndProject
Project("{FAE04EC0-301F-11D3-BF4B-00C04F79EFBC}") = "Demo2", "Demo2\Demo2.csproj", "{5A4D146A-173B-4BB6-94EB-5C7168137777}"
EndProject
Project("{FAE04EC0-301F-11D3-BF4B-00C04F79EFBC}") = "Demo3", "Demo3\Demo3.csproj", "{8DF9B4DE-93FA-4629-9F65-85608D365B83}"
EndProject
Project("{FAE04EC0-301F-11D3-BF4B-00C04F79EFBC}") = "Lab1", "Lab1\Lab1.csproj", "{2DCB2FAA-2501-46FE-8EC6-2886B5092153}"
EndProject
Project("{FAE04EC0-301F-11D3-BF4B-00C04F79EFBC}") = "Demo4", "Demo4\Demo4.csproj", "{EB94F60A-A4B3-4EFB-A974-0B07116D7AE7}"
EndProject
Project("{2150E333-8FDC-42A3-9474-1A3956D46DE8}") = "1", "1", "{4363BC99-B145-4170-A8EA-13ECDF6B5385}"
EndProject
Project("{FAE04EC0-301F-11D3-BF4B-00C04F79EFBC}") = "Lab2", "Lab2\Lab2.csproj", "{E1B754EE-5FAD-45AF-9164-5BDD37C20624}"
EndProject
Project("{2150E333-8FDC-42A3-9474-1A3956D46DE8}") = "2", "2", "{6BFE15D9-1A19-48C8-8F37-5D86A8EBFDD3}"
EndProject
Global
	GlobalSection(SolutionConfigurationPlatforms) = preSolution
		Debug|Any CPU = Debug|Any CPU
		Release|Any CPU = Release|Any CPU
	EndGlobalSection
	GlobalSection(ProjectConfigurationPlatforms) = postSolution
		{DA3BA136-6334-4263-8276-7AC4A4E5C51A}.Debug|Any CPU.ActiveCfg = Debug|Any CPU
		{DA3BA136-6334-4263-8276-7AC4A4E5C51A}.Debug|Any CPU.Build.0 = Debug|Any CPU
		{DA3BA136-6334-4263-8276-7AC4A4E5C51A}.Release|Any CPU.ActiveCfg = Release|Any CPU
		{DA3BA136-6334-4263-8276-7AC4A4E5C51A}.Release|Any CPU.Build.0 = Release|Any CPU
		{5A4D146A-173B-4BB6-94EB-5C7168137777}.Debug|Any CPU.ActiveCfg = Debug|Any CPU
		{5A4D146A-173B-4BB6-94EB-5C7168137777}.Debug|Any CPU.Build.0 = Debug|Any CPU
		{5A4D146A-173B-4BB6-94EB-5C7168137777}.Release|Any CPU.ActiveCfg = Release|Any CPU
		{5A4D146A-173B-4BB6-94EB-5C7168137777}.Release|Any CPU.Build.0 = Release|Any CPU
		{8DF9B4DE-93FA-4629-9F65-85608D365B83}.Debug|Any CPU.ActiveCfg = Debug|Any CPU
		{8DF9B4DE-93FA-4629-9F65-85608D365B83}.Debug|Any CPU.Build.0 = Debug|Any CPU
		{8DF9B4DE-93FA-4629-9F65-85608D365B83}.Release|Any CPU.ActiveCfg = Release|Any CPU
		{8DF9B4DE-93FA-4629-9F65-85608D365B83}.Release|Any CPU.Build.0 = Release|Any CPU
		{2DCB2FAA-2501-46FE-8EC6-2886B5092153}.Debug|Any CPU.ActiveCfg = Debug|Any CPU
		{2DCB2FAA-2501-46FE-8EC6-2886B5092153}.Debug|Any CPU.Build.0 = Debug|Any CPU
		{2DCB2FAA-2501-46FE-8EC6-2886B5092153}.Release|Any CPU.ActiveCfg = Release|Any CPU
		{2DCB2FAA-2501-46FE-8EC6-2886B5092153}.Release|Any CPU.Build.0 = Release|Any CPU
		{EB94F60A-A4B3-4EFB-A974-0B07116D7AE7}.Debug|Any CPU.ActiveCfg = Debug|Any CPU
		{EB94F60A-A4B3-4EFB-A974-0B07116D7AE7}.Debug|Any CPU.Build.0 = Debug|Any CPU
		{EB94F60A-A4B3-4EFB-A974-0B07116D7AE7}.Release|Any CPU.ActiveCfg = Release|Any CPU
		{EB94F60A-A4B3-4EFB-A974-0B07116D7AE7}.Release|Any CPU.Build.0 = Release|Any CPU
		{E1B754EE-5FAD-45AF-9164-5BDD37C20624}.Debug|Any CPU.ActiveCfg = Debug|Any CPU
		{E1B754EE-5FAD-45AF-9164-5BDD37C20624}.Debug|Any CPU.Build.0 = Debug|Any CPU
		{E1B754EE-5FAD-45AF-9164-5BDD37C20624}.Release|Any CPU.ActiveCfg = Release|Any CPU
		{E1B754EE-5FAD-45AF-9164-5BDD37C20624}.Release|Any CPU.Build.0 = Release|Any CPU
	EndGlobalSection
	GlobalSection(SolutionProperties) = preSolution
		HideSolutionNode = FALSE
	EndGlobalSection
	GlobalSection(NestedProjects) = preSolution
		{8DF9B4DE-93FA-4629-9F65-85608D365B83} = {4363BC99-B145-4170-A8EA-13ECDF6B5385}
		{DA3BA136-6334-4263-8276-7AC4A4E5C51A} = {4363BC99-B145-4170-A8EA-13ECDF6B5385}
		{5A4D146A-173B-4BB6-94EB-5C7168137777} = {4363BC99-B145-4170-A8EA-13ECDF6B5385}
		{2DCB2FAA-2501-46FE-8EC6-2886B5092153} = {4363BC99-B145-4170-A8EA-13ECDF6B5385}
		{E1B754EE-5FAD-45AF-9164-5BDD37C20624} = {6BFE15D9-1A19-48C8-8F37-5D86A8EBFDD3}
		{EB94F60A-A4B3-4EFB-A974-0B07116D7AE7} = {6BFE15D9-1A19-48C8-8F37-5D86A8EBFDD3}
	EndGlobalSection
EndGlobal
